// !$*UTF8*$!
{
	archiveVersion = 1;
	classes = {
	};
	objectVersion = 56;
	objects = {

/* Begin PBXBuildFile section */
		5E02E9A32976B35E00049146 /* RestaurantViewController.swift in Sources */ = {isa = PBXBuildFile; fileRef = 5E02E9A12976B35E00049146 /* RestaurantViewController.swift */; };
		5E02E9A62976B65700049146 /* RestaurantViewModel.swift in Sources */ = {isa = PBXBuildFile; fileRef = 5E02E9A52976B65700049146 /* RestaurantViewModel.swift */; };
		5E02E9A82976B67B00049146 /* RestaurantModel.swift in Sources */ = {isa = PBXBuildFile; fileRef = 5E02E9A72976B67B00049146 /* RestaurantModel.swift */; };
		5E02E9AD2976B6D700049146 /* Database.swift in Sources */ = {isa = PBXBuildFile; fileRef = 5E02E9AC2976B6D700049146 /* Database.swift */; };
		5E02E9AF2976C3F400049146 /* RestaurantTableViewCell.swift in Sources */ = {isa = PBXBuildFile; fileRef = 5E02E9AE2976C3F400049146 /* RestaurantTableViewCell.swift */; };
		5E0D9B0F29758C3300CE562B /* AppDelegate.swift in Sources */ = {isa = PBXBuildFile; fileRef = 5E0D9B0E29758C3300CE562B /* AppDelegate.swift */; };
		5E0D9B1129758C3300CE562B /* SceneDelegate.swift in Sources */ = {isa = PBXBuildFile; fileRef = 5E0D9B1029758C3300CE562B /* SceneDelegate.swift */; };
		5E0D9B1629758C3300CE562B /* Main.storyboard in Resources */ = {isa = PBXBuildFile; fileRef = 5E0D9B1429758C3300CE562B /* Main.storyboard */; };
		5E0D9B1929758C3300CE562B /* IOSDemoApp.xcdatamodeld in Sources */ = {isa = PBXBuildFile; fileRef = 5E0D9B1729758C3300CE562B /* IOSDemoApp.xcdatamodeld */; };
		5E0D9B1B29758C3400CE562B /* Assets.xcassets in Resources */ = {isa = PBXBuildFile; fileRef = 5E0D9B1A29758C3400CE562B /* Assets.xcassets */; };
		5E0D9B1E29758C3400CE562B /* LaunchScreen.storyboard in Resources */ = {isa = PBXBuildFile; fileRef = 5E0D9B1C29758C3400CE562B /* LaunchScreen.storyboard */; };
		5E0D9B2A29758F4200CE562B /* Helper.swift in Sources */ = {isa = PBXBuildFile; fileRef = 5E0D9B2929758F4200CE562B /* Helper.swift */; };
		5E0D9B322975937300CE562B /* CoreData.framework in Frameworks */ = {isa = PBXBuildFile; fileRef = 5E0D9B312975937300CE562B /* CoreData.framework */; };
		5E0D9B362975942000CE562B /* LoginViewController.swift in Sources */ = {isa = PBXBuildFile; fileRef = 5E0D9B352975942000CE562B /* LoginViewController.swift */; };
		5E0D9B39297596DF00CE562B /* LoginData+CoreDataClass.swift in Sources */ = {isa = PBXBuildFile; fileRef = 5E0D9B37297596DF00CE562B /* LoginData+CoreDataClass.swift */; };
		5E0D9B3A297596DF00CE562B /* LoginData+CoreDataProperties.swift in Sources */ = {isa = PBXBuildFile; fileRef = 5E0D9B38297596DF00CE562B /* LoginData+CoreDataProperties.swift */; };
		5E0D9B3C2975975400CE562B /* SignUpViewController.swift in Sources */ = {isa = PBXBuildFile; fileRef = 5E0D9B3B2975975400CE562B /* SignUpViewController.swift */; };
		5E5870802979CFC300E7D21E /* RestaurantDetailsViewController.swift in Sources */ = {isa = PBXBuildFile; fileRef = 5E58707F2979CFC300E7D21E /* RestaurantDetailsViewController.swift */; };
		5E6B0DEA2975BD7600EB7023 /* UIViewController+Ex.swift in Sources */ = {isa = PBXBuildFile; fileRef = 5E6B0DE92975BD7600EB7023 /* UIViewController+Ex.swift */; };
		5E6B0DED2975E1D000EB7023 /* WelcomeViewController.swift in Sources */ = {isa = PBXBuildFile; fileRef = 5E6B0DEC2975E1D000EB7023 /* WelcomeViewController.swift */; };
		7FE39E8B75714DD17F2E215D /* Pods_IOSDemoApp.framework in Frameworks */ = {isa = PBXBuildFile; fileRef = 63F70F2363927547F25D6052 /* Pods_IOSDemoApp.framework */; };
		8F7E9A52297998E70045B39A /* UserModel.swift in Sources */ = {isa = PBXBuildFile; fileRef = 8F7E9A51297998E70045B39A /* UserModel.swift */; };
		8FF8EF89297AD6A6000236F6 /* UIView+Ex.swift in Sources */ = {isa = PBXBuildFile; fileRef = 8FF8EF88297AD6A6000236F6 /* UIView+Ex.swift */; };
/* End PBXBuildFile section */

/* Begin PBXFileReference section */
		297B626B01ACD7CD29EB821B /* Pods-IOSDemoApp.release.xcconfig */ = {isa = PBXFileReference; includeInIndex = 1; lastKnownFileType = text.xcconfig; name = "Pods-IOSDemoApp.release.xcconfig"; path = "Target Support Files/Pods-IOSDemoApp/Pods-IOSDemoApp.release.xcconfig"; sourceTree = "<group>"; };
		5E02E9A12976B35E00049146 /* RestaurantViewController.swift */ = {isa = PBXFileReference; lastKnownFileType = sourcecode.swift; path = RestaurantViewController.swift; sourceTree = "<group>"; };
		5E02E9A52976B65700049146 /* RestaurantViewModel.swift */ = {isa = PBXFileReference; lastKnownFileType = sourcecode.swift; path = RestaurantViewModel.swift; sourceTree = "<group>"; };
		5E02E9A72976B67B00049146 /* RestaurantModel.swift */ = {isa = PBXFileReference; lastKnownFileType = sourcecode.swift; path = RestaurantModel.swift; sourceTree = "<group>"; };
		5E02E9AC2976B6D700049146 /* Database.swift */ = {isa = PBXFileReference; lastKnownFileType = sourcecode.swift; path = Database.swift; sourceTree = "<group>"; };
		5E02E9AE2976C3F400049146 /* RestaurantTableViewCell.swift */ = {isa = PBXFileReference; lastKnownFileType = sourcecode.swift; path = RestaurantTableViewCell.swift; sourceTree = "<group>"; };
		5E0D9B0B29758C3300CE562B /* IOSDemoApp.app */ = {isa = PBXFileReference; explicitFileType = wrapper.application; includeInIndex = 0; path = IOSDemoApp.app; sourceTree = BUILT_PRODUCTS_DIR; };
		5E0D9B0E29758C3300CE562B /* AppDelegate.swift */ = {isa = PBXFileReference; lastKnownFileType = sourcecode.swift; path = AppDelegate.swift; sourceTree = "<group>"; };
		5E0D9B1029758C3300CE562B /* SceneDelegate.swift */ = {isa = PBXFileReference; lastKnownFileType = sourcecode.swift; path = SceneDelegate.swift; sourceTree = "<group>"; };
		5E0D9B1529758C3300CE562B /* Base */ = {isa = PBXFileReference; lastKnownFileType = file.storyboard; name = Base; path = Base.lproj/Main.storyboard; sourceTree = "<group>"; };
		5E0D9B1829758C3300CE562B /* IOSDemoApp.xcdatamodel */ = {isa = PBXFileReference; lastKnownFileType = wrapper.xcdatamodel; path = IOSDemoApp.xcdatamodel; sourceTree = "<group>"; };
		5E0D9B1A29758C3400CE562B /* Assets.xcassets */ = {isa = PBXFileReference; lastKnownFileType = folder.assetcatalog; path = Assets.xcassets; sourceTree = "<group>"; };
		5E0D9B1D29758C3400CE562B /* Base */ = {isa = PBXFileReference; lastKnownFileType = file.storyboard; name = Base; path = Base.lproj/LaunchScreen.storyboard; sourceTree = "<group>"; };
		5E0D9B1F29758C3400CE562B /* Info.plist */ = {isa = PBXFileReference; lastKnownFileType = text.plist.xml; path = Info.plist; sourceTree = "<group>"; };
		5E0D9B2929758F4200CE562B /* Helper.swift */ = {isa = PBXFileReference; lastKnownFileType = sourcecode.swift; path = Helper.swift; sourceTree = "<group>"; };
		5E0D9B312975937300CE562B /* CoreData.framework */ = {isa = PBXFileReference; lastKnownFileType = wrapper.framework; name = CoreData.framework; path = System/Library/Frameworks/CoreData.framework; sourceTree = SDKROOT; };
		5E0D9B352975942000CE562B /* LoginViewController.swift */ = {isa = PBXFileReference; lastKnownFileType = sourcecode.swift; path = LoginViewController.swift; sourceTree = "<group>"; };
		5E0D9B37297596DF00CE562B /* LoginData+CoreDataClass.swift */ = {isa = PBXFileReference; lastKnownFileType = sourcecode.swift; path = "LoginData+CoreDataClass.swift"; sourceTree = "<group>"; };
		5E0D9B38297596DF00CE562B /* LoginData+CoreDataProperties.swift */ = {isa = PBXFileReference; lastKnownFileType = sourcecode.swift; path = "LoginData+CoreDataProperties.swift"; sourceTree = "<group>"; };
		5E0D9B3B2975975400CE562B /* SignUpViewController.swift */ = {isa = PBXFileReference; lastKnownFileType = sourcecode.swift; path = SignUpViewController.swift; sourceTree = "<group>"; };
		5E58707F2979CFC300E7D21E /* RestaurantDetailsViewController.swift */ = {isa = PBXFileReference; lastKnownFileType = sourcecode.swift; path = RestaurantDetailsViewController.swift; sourceTree = "<group>"; };
		5E6B0DE92975BD7600EB7023 /* UIViewController+Ex.swift */ = {isa = PBXFileReference; lastKnownFileType = sourcecode.swift; path = "UIViewController+Ex.swift"; sourceTree = "<group>"; };
		5E6B0DEC2975E1D000EB7023 /* WelcomeViewController.swift */ = {isa = PBXFileReference; lastKnownFileType = sourcecode.swift; path = WelcomeViewController.swift; sourceTree = "<group>"; };
		63F70F2363927547F25D6052 /* Pods_IOSDemoApp.framework */ = {isa = PBXFileReference; explicitFileType = wrapper.framework; includeInIndex = 0; path = Pods_IOSDemoApp.framework; sourceTree = BUILT_PRODUCTS_DIR; };
		8F7E9A51297998E70045B39A /* UserModel.swift */ = {isa = PBXFileReference; lastKnownFileType = sourcecode.swift; path = UserModel.swift; sourceTree = "<group>"; };
		8FF8EF88297AD6A6000236F6 /* UIView+Ex.swift */ = {isa = PBXFileReference; lastKnownFileType = sourcecode.swift; path = "UIView+Ex.swift"; sourceTree = "<group>"; };
		E44C63B590F9A758E2427755 /* Pods-IOSDemoApp.debug.xcconfig */ = {isa = PBXFileReference; includeInIndex = 1; lastKnownFileType = text.xcconfig; name = "Pods-IOSDemoApp.debug.xcconfig"; path = "Target Support Files/Pods-IOSDemoApp/Pods-IOSDemoApp.debug.xcconfig"; sourceTree = "<group>"; };
/* End PBXFileReference section */

/* Begin PBXFrameworksBuildPhase section */
		5E0D9B0829758C3300CE562B /* Frameworks */ = {
			isa = PBXFrameworksBuildPhase;
			buildActionMask = 2147483647;
			files = (
				5E0D9B322975937300CE562B /* CoreData.framework in Frameworks */,
				7FE39E8B75714DD17F2E215D /* Pods_IOSDemoApp.framework in Frameworks */,
			);
			runOnlyForDeploymentPostprocessing = 0;
		};
/* End PBXFrameworksBuildPhase section */

/* Begin PBXGroup section */
		5E02E9A92976B68100049146 /* Model */ = {
			isa = PBXGroup;
			children = (
				5E02E9A72976B67B00049146 /* RestaurantModel.swift */,
				8F7E9A51297998E70045B39A /* UserModel.swift */,
			);
			path = Model;
			sourceTree = "<group>";
		};
		5E02E9AA2976B68B00049146 /* ViewModel */ = {
			isa = PBXGroup;
			children = (
				5E02E9A52976B65700049146 /* RestaurantViewModel.swift */,
			);
			path = ViewModel;
			sourceTree = "<group>";
		};
		5E02E9B02976C3FC00049146 /* TableViewCell */ = {
			isa = PBXGroup;
			children = (
				5E02E9AE2976C3F400049146 /* RestaurantTableViewCell.swift */,
			);
			path = TableViewCell;
			sourceTree = "<group>";
		};
		5E0D9B0229758C3300CE562B = {
			isa = PBXGroup;
			children = (
				5E0D9B0D29758C3300CE562B /* IOSDemoApp */,
				5E0D9B0C29758C3300CE562B /* Products */,
				5E0D9B302975937200CE562B /* Frameworks */,
				863EED6B235A343454169789 /* Pods */,
			);
			sourceTree = "<group>";
		};
		5E0D9B0C29758C3300CE562B /* Products */ = {
			isa = PBXGroup;
			children = (
				5E0D9B0B29758C3300CE562B /* IOSDemoApp.app */,
			);
			name = Products;
			sourceTree = "<group>";
		};
		5E0D9B0D29758C3300CE562B /* IOSDemoApp */ = {
			isa = PBXGroup;
			children = (
				B62DE0F8297E9D4C00723CE7 /* Utils */,
				B62DE0F7297E7BA500723CE7 /* Storyboard */,
				5E0D9B2F297591EA00CE562B /* CoreData */,
				5E6B0DEB2975BD7E00EB7023 /* Extension */,
				5E0D9B33297593E100CE562B /* Delegate */,
				5E02E9A92976B68100049146 /* Model */,
				5E02E9AA2976B68B00049146 /* ViewModel */,
				5E0D9B34297593F300CE562B /* ViewController */,
				5E02E9B02976C3FC00049146 /* TableViewCell */,
				5E0D9B1F29758C3400CE562B /* Info.plist */,
				5E0D9B1729758C3300CE562B /* IOSDemoApp.xcdatamodeld */,
			);
			path = IOSDemoApp;
			sourceTree = "<group>";
		};
		5E0D9B2F297591EA00CE562B /* CoreData */ = {
			isa = PBXGroup;
			children = (
				5E02E9AC2976B6D700049146 /* Database.swift */,
				5E0D9B37297596DF00CE562B /* LoginData+CoreDataClass.swift */,
				5E0D9B38297596DF00CE562B /* LoginData+CoreDataProperties.swift */,
			);
			name = CoreData;
			path = ..;
			sourceTree = "<group>";
		};
		5E0D9B302975937200CE562B /* Frameworks */ = {
			isa = PBXGroup;
			children = (
				5E0D9B312975937300CE562B /* CoreData.framework */,
				63F70F2363927547F25D6052 /* Pods_IOSDemoApp.framework */,
			);
			name = Frameworks;
			sourceTree = "<group>";
		};
		5E0D9B33297593E100CE562B /* Delegate */ = {
			isa = PBXGroup;
			children = (
				5E0D9B0E29758C3300CE562B /* AppDelegate.swift */,
				5E0D9B1029758C3300CE562B /* SceneDelegate.swift */,
			);
			path = Delegate;
			sourceTree = "<group>";
		};
		5E0D9B34297593F300CE562B /* ViewController */ = {
			isa = PBXGroup;
			children = (
				5E0D9B352975942000CE562B /* LoginViewController.swift */,
				5E0D9B3B2975975400CE562B /* SignUpViewController.swift */,
				5E6B0DEC2975E1D000EB7023 /* WelcomeViewController.swift */,
				5E02E9A12976B35E00049146 /* RestaurantViewController.swift */,
				5E58707F2979CFC300E7D21E /* RestaurantDetailsViewController.swift */,
			);
			path = ViewController;
			sourceTree = "<group>";
		};
		5E6B0DEB2975BD7E00EB7023 /* Extension */ = {
			isa = PBXGroup;
			children = (
				5E6B0DE92975BD7600EB7023 /* UIViewController+Ex.swift */,
				8FF8EF88297AD6A6000236F6 /* UIView+Ex.swift */,
			);
			name = Extension;
			path = ..;
			sourceTree = "<group>";
		};
		863EED6B235A343454169789 /* Pods */ = {
			isa = PBXGroup;
			children = (
				E44C63B590F9A758E2427755 /* Pods-IOSDemoApp.debug.xcconfig */,
				297B626B01ACD7CD29EB821B /* Pods-IOSDemoApp.release.xcconfig */,
			);
			path = Pods;
			sourceTree = "<group>";
		};
		B62DE0F7297E7BA500723CE7 /* Storyboard */ = {
			isa = PBXGroup;
			children = (
				5E0D9B1429758C3300CE562B /* Main.storyboard */,
				5E0D9B1A29758C3400CE562B /* Assets.xcassets */,
				5E0D9B1C29758C3400CE562B /* LaunchScreen.storyboard */,
			);
			path = Storyboard;
			sourceTree = "<group>";
		};
		B62DE0F8297E9D4C00723CE7 /* Utils */ = {
			isa = PBXGroup;
			children = (
				5E0D9B2929758F4200CE562B /* Helper.swift */,
			);
			path = Utils;
			sourceTree = "<group>";
		};
/* End PBXGroup section */

/* Begin PBXNativeTarget section */
		5E0D9B0A29758C3300CE562B /* IOSDemoApp */ = {
			isa = PBXNativeTarget;
			buildConfigurationList = 5E0D9B2229758C3400CE562B /* Build configuration list for PBXNativeTarget "IOSDemoApp" */;
			buildPhases = (
				2AF40BE93D0378D1A0F1C8FF /* [CP] Check Pods Manifest.lock */,
				5E0D9B0729758C3300CE562B /* Sources */,
				5E0D9B0829758C3300CE562B /* Frameworks */,
				5E0D9B0929758C3300CE562B /* Resources */,
				30A861E33C338DA6A72BC5B0 /* [CP] Embed Pods Frameworks */,
			);
			buildRules = (
			);
			dependencies = (
			);
			name = IOSDemoApp;
			productName = IOSDemoApp;
			productReference = 5E0D9B0B29758C3300CE562B /* IOSDemoApp.app */;
			productType = "com.apple.product-type.application";
		};
/* End PBXNativeTarget section */

/* Begin PBXProject section */
		5E0D9B0329758C3300CE562B /* Project object */ = {
			isa = PBXProject;
			attributes = {
				BuildIndependentTargetsInParallel = 1;
				LastSwiftUpdateCheck = 1420;
				LastUpgradeCheck = 1420;
				TargetAttributes = {
					5E0D9B0A29758C3300CE562B = {
						CreatedOnToolsVersion = 14.2;
					};
				};
			};
			buildConfigurationList = 5E0D9B0629758C3300CE562B /* Build configuration list for PBXProject "IOSDemoApp" */;
			compatibilityVersion = "Xcode 14.0";
			developmentRegion = en;
			hasScannedForEncodings = 0;
			knownRegions = (
				en,
				Base,
			);
			mainGroup = 5E0D9B0229758C3300CE562B;
			productRefGroup = 5E0D9B0C29758C3300CE562B /* Products */;
			projectDirPath = "";
			projectRoot = "";
			targets = (
				5E0D9B0A29758C3300CE562B /* IOSDemoApp */,
			);
		};
/* End PBXProject section */

/* Begin PBXResourcesBuildPhase section */
		5E0D9B0929758C3300CE562B /* Resources */ = {
			isa = PBXResourcesBuildPhase;
			buildActionMask = 2147483647;
			files = (
				5E0D9B1E29758C3400CE562B /* LaunchScreen.storyboard in Resources */,
				5E0D9B1B29758C3400CE562B /* Assets.xcassets in Resources */,
				5E0D9B1629758C3300CE562B /* Main.storyboard in Resources */,
			);
			runOnlyForDeploymentPostprocessing = 0;
		};
/* End PBXResourcesBuildPhase section */

/* Begin PBXShellScriptBuildPhase section */
		2AF40BE93D0378D1A0F1C8FF /* [CP] Check Pods Manifest.lock */ = {
			isa = PBXShellScriptBuildPhase;
			buildActionMask = 2147483647;
			files = (
			);
			inputFileListPaths = (
			);
			inputPaths = (
				"${PODS_PODFILE_DIR_PATH}/Podfile.lock",
				"${PODS_ROOT}/Manifest.lock",
			);
			name = "[CP] Check Pods Manifest.lock";
			outputFileListPaths = (
			);
			outputPaths = (
				"$(DERIVED_FILE_DIR)/Pods-IOSDemoApp-checkManifestLockResult.txt",
			);
			runOnlyForDeploymentPostprocessing = 0;
			shellPath = /bin/sh;
			shellScript = "diff \"${PODS_PODFILE_DIR_PATH}/Podfile.lock\" \"${PODS_ROOT}/Manifest.lock\" > /dev/null\nif [ $? != 0 ] ; then\n    # print error to STDERR\n    echo \"error: The sandbox is not in sync with the Podfile.lock. Run 'pod install' or update your CocoaPods installation.\" >&2\n    exit 1\nfi\n# This output is used by Xcode 'outputs' to avoid re-running this script phase.\necho \"SUCCESS\" > \"${SCRIPT_OUTPUT_FILE_0}\"\n";
			showEnvVarsInLog = 0;
		};
		30A861E33C338DA6A72BC5B0 /* [CP] Embed Pods Frameworks */ = {
			isa = PBXShellScriptBuildPhase;
			buildActionMask = 2147483647;
			files = (
			);
			inputFileListPaths = (
				"${PODS_ROOT}/Target Support Files/Pods-IOSDemoApp/Pods-IOSDemoApp-frameworks-${CONFIGURATION}-input-files.xcfilelist",
			);
			name = "[CP] Embed Pods Frameworks";
			outputFileListPaths = (
				"${PODS_ROOT}/Target Support Files/Pods-IOSDemoApp/Pods-IOSDemoApp-frameworks-${CONFIGURATION}-output-files.xcfilelist",
			);
			runOnlyForDeploymentPostprocessing = 0;
			shellPath = /bin/sh;
			shellScript = "\"${PODS_ROOT}/Target Support Files/Pods-IOSDemoApp/Pods-IOSDemoApp-frameworks.sh\"\n";
			showEnvVarsInLog = 0;
		};
/* End PBXShellScriptBuildPhase section */

/* Begin PBXSourcesBuildPhase section */
		5E0D9B0729758C3300CE562B /* Sources */ = {
			isa = PBXSourcesBuildPhase;
			buildActionMask = 2147483647;
			files = (
				5E0D9B362975942000CE562B /* LoginViewController.swift in Sources */,
				5E02E9A82976B67B00049146 /* RestaurantModel.swift in Sources */,
				5E5870802979CFC300E7D21E /* RestaurantDetailsViewController.swift in Sources */,
				5E02E9A62976B65700049146 /* RestaurantViewModel.swift in Sources */,
				5E6B0DED2975E1D000EB7023 /* WelcomeViewController.swift in Sources */,
				5E6B0DEA2975BD7600EB7023 /* UIViewController+Ex.swift in Sources */,
				5E0D9B1929758C3300CE562B /* IOSDemoApp.xcdatamodeld in Sources */,
				5E0D9B3C2975975400CE562B /* SignUpViewController.swift in Sources */,
				5E0D9B0F29758C3300CE562B /* AppDelegate.swift in Sources */,
				5E0D9B1129758C3300CE562B /* SceneDelegate.swift in Sources */,
				5E0D9B2A29758F4200CE562B /* Helper.swift in Sources */,
				5E02E9AF2976C3F400049146 /* RestaurantTableViewCell.swift in Sources */,
				5E0D9B39297596DF00CE562B /* LoginData+CoreDataClass.swift in Sources */,
				5E02E9A32976B35E00049146 /* RestaurantViewController.swift in Sources */,
				5E02E9AD2976B6D700049146 /* Database.swift in Sources */,
				8F7E9A52297998E70045B39A /* UserModel.swift in Sources */,
				5E0D9B3A297596DF00CE562B /* LoginData+CoreDataProperties.swift in Sources */,
				8FF8EF89297AD6A6000236F6 /* UIView+Ex.swift in Sources */,
			);
			runOnlyForDeploymentPostprocessing = 0;
		};
/* End PBXSourcesBuildPhase section */

/* Begin PBXVariantGroup section */
		5E0D9B1429758C3300CE562B /* Main.storyboard */ = {
			isa = PBXVariantGroup;
			children = (
				5E0D9B1529758C3300CE562B /* Base */,
			);
			name = Main.storyboard;
			sourceTree = "<group>";
		};
		5E0D9B1C29758C3400CE562B /* LaunchScreen.storyboard */ = {
			isa = PBXVariantGroup;
			children = (
				5E0D9B1D29758C3400CE562B /* Base */,
			);
			name = LaunchScreen.storyboard;
			sourceTree = "<group>";
		};
/* End PBXVariantGroup section */

/* Begin XCBuildConfiguration section */
		5E0D9B2029758C3400CE562B /* Debug */ = {
			isa = XCBuildConfiguration;
			buildSettings = {
				ALWAYS_SEARCH_USER_PATHS = NO;
				CLANG_ANALYZER_NONNULL = YES;
				CLANG_ANALYZER_NUMBER_OBJECT_CONVERSION = YES_AGGRESSIVE;
				CLANG_CXX_LANGUAGE_STANDARD = "gnu++20";
				CLANG_ENABLE_MODULES = YES;
				CLANG_ENABLE_OBJC_ARC = YES;
				CLANG_ENABLE_OBJC_WEAK = YES;
				CLANG_WARN_BLOCK_CAPTURE_AUTORELEASING = YES;
				CLANG_WARN_BOOL_CONVERSION = YES;
				CLANG_WARN_COMMA = YES;
				CLANG_WARN_CONSTANT_CONVERSION = YES;
				CLANG_WARN_DEPRECATED_OBJC_IMPLEMENTATIONS = YES;
				CLANG_WARN_DIRECT_OBJC_ISA_USAGE = YES_ERROR;
				CLANG_WARN_DOCUMENTATION_COMMENTS = YES;
				CLANG_WARN_EMPTY_BODY = YES;
				CLANG_WARN_ENUM_CONVERSION = YES;
				CLANG_WARN_INFINITE_RECURSION = YES;
				CLANG_WARN_INT_CONVERSION = YES;
				CLANG_WARN_NON_LITERAL_NULL_CONVERSION = YES;
				CLANG_WARN_OBJC_IMPLICIT_RETAIN_SELF = YES;
				CLANG_WARN_OBJC_LITERAL_CONVERSION = YES;
				CLANG_WARN_OBJC_ROOT_CLASS = YES_ERROR;
				CLANG_WARN_QUOTED_INCLUDE_IN_FRAMEWORK_HEADER = YES;
				CLANG_WARN_RANGE_LOOP_ANALYSIS = YES;
				CLANG_WARN_STRICT_PROTOTYPES = YES;
				CLANG_WARN_SUSPICIOUS_MOVE = YES;
				CLANG_WARN_UNGUARDED_AVAILABILITY = YES_AGGRESSIVE;
				CLANG_WARN_UNREACHABLE_CODE = YES;
				CLANG_WARN__DUPLICATE_METHOD_MATCH = YES;
				COPY_PHASE_STRIP = NO;
				DEBUG_INFORMATION_FORMAT = dwarf;
				ENABLE_STRICT_OBJC_MSGSEND = YES;
				ENABLE_TESTABILITY = YES;
				GCC_C_LANGUAGE_STANDARD = gnu11;
				GCC_DYNAMIC_NO_PIC = NO;
				GCC_NO_COMMON_BLOCKS = YES;
				GCC_OPTIMIZATION_LEVEL = 0;
				GCC_PREPROCESSOR_DEFINITIONS = (
					"DEBUG=1",
					"$(inherited)",
				);
				GCC_WARN_64_TO_32_BIT_CONVERSION = YES;
				GCC_WARN_ABOUT_RETURN_TYPE = YES_ERROR;
				GCC_WARN_UNDECLARED_SELECTOR = YES;
				GCC_WARN_UNINITIALIZED_AUTOS = YES_AGGRESSIVE;
				GCC_WARN_UNUSED_FUNCTION = YES;
				GCC_WARN_UNUSED_VARIABLE = YES;
				IPHONEOS_DEPLOYMENT_TARGET = 16.2;
				MTL_ENABLE_DEBUG_INFO = INCLUDE_SOURCE;
				MTL_FAST_MATH = YES;
				ONLY_ACTIVE_ARCH = YES;
				SDKROOT = iphoneos;
				SWIFT_ACTIVE_COMPILATION_CONDITIONS = DEBUG;
				SWIFT_OPTIMIZATION_LEVEL = "-Onone";
			};
			name = Debug;
		};
		5E0D9B2129758C3400CE562B /* Release */ = {
			isa = XCBuildConfiguration;
			buildSettings = {
				ALWAYS_SEARCH_USER_PATHS = NO;
				CLANG_ANALYZER_NONNULL = YES;
				CLANG_ANALYZER_NUMBER_OBJECT_CONVERSION = YES_AGGRESSIVE;
				CLANG_CXX_LANGUAGE_STANDARD = "gnu++20";
				CLANG_ENABLE_MODULES = YES;
				CLANG_ENABLE_OBJC_ARC = YES;
				CLANG_ENABLE_OBJC_WEAK = YES;
				CLANG_WARN_BLOCK_CAPTURE_AUTORELEASING = YES;
				CLANG_WARN_BOOL_CONVERSION = YES;
				CLANG_WARN_COMMA = YES;
				CLANG_WARN_CONSTANT_CONVERSION = YES;
				CLANG_WARN_DEPRECATED_OBJC_IMPLEMENTATIONS = YES;
				CLANG_WARN_DIRECT_OBJC_ISA_USAGE = YES_ERROR;
				CLANG_WARN_DOCUMENTATION_COMMENTS = YES;
				CLANG_WARN_EMPTY_BODY = YES;
				CLANG_WARN_ENUM_CONVERSION = YES;
				CLANG_WARN_INFINITE_RECURSION = YES;
				CLANG_WARN_INT_CONVERSION = YES;
				CLANG_WARN_NON_LITERAL_NULL_CONVERSION = YES;
				CLANG_WARN_OBJC_IMPLICIT_RETAIN_SELF = YES;
				CLANG_WARN_OBJC_LITERAL_CONVERSION = YES;
				CLANG_WARN_OBJC_ROOT_CLASS = YES_ERROR;
				CLANG_WARN_QUOTED_INCLUDE_IN_FRAMEWORK_HEADER = YES;
				CLANG_WARN_RANGE_LOOP_ANALYSIS = YES;
				CLANG_WARN_STRICT_PROTOTYPES = YES;
				CLANG_WARN_SUSPICIOUS_MOVE = YES;
				CLANG_WARN_UNGUARDED_AVAILABILITY = YES_AGGRESSIVE;
				CLANG_WARN_UNREACHABLE_CODE = YES;
				CLANG_WARN__DUPLICATE_METHOD_MATCH = YES;
				COPY_PHASE_STRIP = NO;
				DEBUG_INFORMATION_FORMAT = "dwarf-with-dsym";
				ENABLE_NS_ASSERTIONS = NO;
				ENABLE_STRICT_OBJC_MSGSEND = YES;
				GCC_C_LANGUAGE_STANDARD = gnu11;
				GCC_NO_COMMON_BLOCKS = YES;
				GCC_WARN_64_TO_32_BIT_CONVERSION = YES;
				GCC_WARN_ABOUT_RETURN_TYPE = YES_ERROR;
				GCC_WARN_UNDECLARED_SELECTOR = YES;
				GCC_WARN_UNINITIALIZED_AUTOS = YES_AGGRESSIVE;
				GCC_WARN_UNUSED_FUNCTION = YES;
				GCC_WARN_UNUSED_VARIABLE = YES;
				IPHONEOS_DEPLOYMENT_TARGET = 16.2;
				MTL_ENABLE_DEBUG_INFO = NO;
				MTL_FAST_MATH = YES;
				SDKROOT = iphoneos;
				SWIFT_COMPILATION_MODE = wholemodule;
				SWIFT_OPTIMIZATION_LEVEL = "-O";
				VALIDATE_PRODUCT = YES;
			};
			name = Release;
		};
		5E0D9B2329758C3400CE562B /* Debug */ = {
			isa = XCBuildConfiguration;
			baseConfigurationReference = E44C63B590F9A758E2427755 /* Pods-IOSDemoApp.debug.xcconfig */;
			buildSettings = {
				ASSETCATALOG_COMPILER_APPICON_NAME = AppIcon;
				ASSETCATALOG_COMPILER_GLOBAL_ACCENT_COLOR_NAME = AccentColor;
				CODE_SIGN_STYLE = Automatic;
				CURRENT_PROJECT_VERSION = 1;
				GENERATE_INFOPLIST_FILE = YES;
				INFOPLIST_FILE = IOSDemoApp/Info.plist;
				INFOPLIST_KEY_UIApplicationSupportsIndirectInputEvents = YES;
				INFOPLIST_KEY_UILaunchStoryboardName = LaunchScreen;
				INFOPLIST_KEY_UIMainStoryboardFile = Main;
				INFOPLIST_KEY_UISupportedInterfaceOrientations_iPad = "UIInterfaceOrientationPortrait UIInterfaceOrientationPortraitUpsideDown UIInterfaceOrientationLandscapeLeft UIInterfaceOrientationLandscapeRight";
				INFOPLIST_KEY_UISupportedInterfaceOrientations_iPhone = "UIInterfaceOrientationPortrait UIInterfaceOrientationLandscapeLeft UIInterfaceOrientationLandscapeRight";
				IPHONEOS_DEPLOYMENT_TARGET = 13.0;
				LD_RUNPATH_SEARCH_PATHS = (
					"$(inherited)",
					"@executable_path/Frameworks",
				);
				MARKETING_VERSION = 1.0;
				PRODUCT_BUNDLE_IDENTIFIER = com.iosdemoapp.gaurav.IOSDemoApp;
				PRODUCT_NAME = "$(TARGET_NAME)";
				SWIFT_EMIT_LOC_STRINGS = YES;
				SWIFT_VERSION = 5.0;
				TARGETED_DEVICE_FAMILY = "1,2";
			};
			name = Debug;
		};
		5E0D9B2429758C3400CE562B /* Release */ = {
			isa = XCBuildConfiguration;
			baseConfigurationReference = 297B626B01ACD7CD29EB821B /* Pods-IOSDemoApp.release.xcconfig */;
			buildSettings = {
				ASSETCATALOG_COMPILER_APPICON_NAME = AppIcon;
				ASSETCATALOG_COMPILER_GLOBAL_ACCENT_COLOR_NAME = AccentColor;
				CODE_SIGN_STYLE = Automatic;
				CURRENT_PROJECT_VERSION = 1;
				GENERATE_INFOPLIST_FILE = YES;
				INFOPLIST_FILE = IOSDemoApp/Info.plist;
				INFOPLIST_KEY_UIApplicationSupportsIndirectInputEvents = YES;
				INFOPLIST_KEY_UILaunchStoryboardName = LaunchScreen;
				INFOPLIST_KEY_UIMainStoryboardFile = Main;
				INFOPLIST_KEY_UISupportedInterfaceOrientations_iPad = "UIInterfaceOrientationPortrait UIInterfaceOrientationPortraitUpsideDown UIInterfaceOrientationLandscapeLeft UIInterfaceOrientationLandscapeRight";
				INFOPLIST_KEY_UISupportedInterfaceOrientations_iPhone = "UIInterfaceOrientationPortrait UIInterfaceOrientationLandscapeLeft UIInterfaceOrientationLandscapeRight";
				IPHONEOS_DEPLOYMENT_TARGET = 13.0;
				LD_RUNPATH_SEARCH_PATHS = (
					"$(inherited)",
					"@executable_path/Frameworks",
				);
				MARKETING_VERSION = 1.0;
				PRODUCT_BUNDLE_IDENTIFIER = com.iosdemoapp.gaurav.IOSDemoApp;
				PRODUCT_NAME = "$(TARGET_NAME)";
				SWIFT_EMIT_LOC_STRINGS = YES;
				SWIFT_VERSION = 5.0;
				TARGETED_DEVICE_FAMILY = "1,2";
			};
			name = Release;
		};
/* End XCBuildConfiguration section */

/* Begin XCConfigurationList section */
		5E0D9B0629758C3300CE562B /* Build configuration list for PBXProject "IOSDemoApp" */ = {
			isa = XCConfigurationList;
			buildConfigurations = (
				5E0D9B2029758C3400CE562B /* Debug */,
				5E0D9B2129758C3400CE562B /* Release */,
			);
			defaultConfigurationIsVisible = 0;
			defaultConfigurationName = Release;
		};
		5E0D9B2229758C3400CE562B /* Build configuration list for PBXNativeTarget "IOSDemoApp" */ = {
			isa = XCConfigurationList;
			buildConfigurations = (
				5E0D9B2329758C3400CE562B /* Debug */,
				5E0D9B2429758C3400CE562B /* Release */,
			);
			defaultConfigurationIsVisible = 0;
			defaultConfigurationName = Release;
		};
/* End XCConfigurationList section */

/* Begin XCVersionGroup section */
		5E0D9B1729758C3300CE562B /* IOSDemoApp.xcdatamodeld */ = {
			isa = XCVersionGroup;
			children = (
				5E0D9B1829758C3300CE562B /* IOSDemoApp.xcdatamodel */,
			);
			currentVersion = 5E0D9B1829758C3300CE562B /* IOSDemoApp.xcdatamodel */;
			path = IOSDemoApp.xcdatamodeld;
			sourceTree = "<group>";
			versionGroupType = wrapper.xcdatamodel;
		};
/* End XCVersionGroup section */
	};
	rootObject = 5E0D9B0329758C3300CE562B /* Project object */;
}
